
Microsoft Visual Studio Solution File, Format Version 12.00
# Visual Studio Version 16
VisualStudioVersion = 16.0.34031.81
MinimumVisualStudioVersion = 10.0.40219.1
Project("{FAE04EC0-301F-11D3-BF4B-00C04F79EFBC}") = "ViDu_01", "ViDu_01\ViDu_01.csproj", "{5B5F435E-78A4-44D1-BDEB-BD5651F2278D}"
EndProject
Project("{FAE04EC0-301F-11D3-BF4B-00C04F79EFBC}") = "ViDu_02", "ViDu_02\ViDu_02.csproj", "{8D538D79-A637-41F3-B30A-D4A220294428}"
EndProject
Project("{FAE04EC0-301F-11D3-BF4B-00C04F79EFBC}") = "BT01", "BT01\BT01.csproj", "{92C49A90-8CF8-4552-8F99-0305B5F610B6}"
EndProject
Project("{FAE04EC0-301F-11D3-BF4B-00C04F79EFBC}") = "BT02", "BT02\BT02.csproj", "{700D5651-DEF3-446C-B9EA-15C7BB97A75B}"
EndProject
Project("{FAE04EC0-301F-11D3-BF4B-00C04F79EFBC}") = "BT03", "BT03\BT03.csproj", "{F126DBF3-A071-4DEB-A750-2E5FF947AF8D}"
EndProject
Project("{FAE04EC0-301F-11D3-BF4B-00C04F79EFBC}") = "BT04", "BT04\BT04.csproj", "{807229F7-1174-4052-98CF-4B4438F42A73}"
EndProject
Project("{FAE04EC0-301F-11D3-BF4B-00C04F79EFBC}") = "BT05", "BT05\BT05.csproj", "{42EC8337-A2F4-414D-9B5D-640756400860}"
EndProject
Project("{FAE04EC0-301F-11D3-BF4B-00C04F79EFBC}") = "BT05_NgaySinh", "BT05_NgaySinh\BT05_NgaySinh.csproj", "{2DC78D78-BEC4-4A71-8685-C9318A17F288}"
EndProject
Project("{FAE04EC0-301F-11D3-BF4B-00C04F79EFBC}") = "BT06_MonAn", "BT06_MonAn\BT06_MonAn.csproj", "{E070CF63-5A3B-4B61-AB49-46A45759E2D9}"
EndProject
Project("{FAE04EC0-301F-11D3-BF4B-00C04F79EFBC}") = "BT07", "BT07\BT07.csproj", "{8572FA24-1341-410A-B26E-5DE351C8D8E0}"
EndProject
Project("{FAE04EC0-301F-11D3-BF4B-00C04F79EFBC}") = "BT08_HocVien", "BT08_HocVien\BT08_HocVien.csproj", "{13D4AD86-18D7-442F-9E7F-5A0A96D886DC}"
EndProject
Project("{FAE04EC0-301F-11D3-BF4B-00C04F79EFBC}") = "BT09", "Bt09\BT09.csproj", "{7F024EA3-7397-4D4E-84EC-4045D0D42646}"
EndProject
Project("{FAE04EC0-301F-11D3-BF4B-00C04F79EFBC}") = "CheckBox_RadioButton", "CheckBox_RadioButton\CheckBox_RadioButton.csproj", "{570A7C43-1333-4632-BDF8-025258405434}"
EndProject
Project("{FAE04EC0-301F-11D3-BF4B-00C04F79EFBC}") = "BT12", "BT12\BT12.csproj", "{71F2F917-6F2A-4B16-8D9C-15C74380EEFD}"
EndProject
Project("{FAE04EC0-301F-11D3-BF4B-00C04F79EFBC}") = "BT11_TatMoDen", "BT11_TatMoDen\BT11_TatMoDen.csproj", "{4ECCB814-58DA-4C89-ABDD-D54AF734E236}"
EndProject
Project("{FAE04EC0-301F-11D3-BF4B-00C04F79EFBC}") = "BT15", "BT15\BT15.csproj", "{8B14D901-2F5A-4992-85FF-7816DED0BD8F}"
EndProject
Project("{FAE04EC0-301F-11D3-BF4B-00C04F79EFBC}") = "BT16", "BT16\BT16.csproj", "{4BF34A75-8692-4A2D-BC32-E0A28A2605F3}"
EndProject
Project("{FAE04EC0-301F-11D3-BF4B-00C04F79EFBC}") = "BT16_Vs2", "BT16_Vs2\BT16_Vs2.csproj", "{C82CFE88-1E9D-495C-AE44-FEE60EA503E2}"
EndProject
Project("{FAE04EC0-301F-11D3-BF4B-00C04F79EFBC}") = "BT17_ListView", "BT17_ListView\BT17_ListView.csproj", "{CE44DD48-0BD1-4800-81E2-764F64475541}"
EndProject
Project("{FAE04EC0-301F-11D3-BF4B-00C04F79EFBC}") = "BT18", "BT18\BT18.csproj", "{FFC82987-D0F8-44C8-A5FB-C165E0965F03}"
EndProject
Project("{FAE04EC0-301F-11D3-BF4B-00C04F79EFBC}") = "BT19_TreeView", "BT19_TreeView\BT19_TreeView.csproj", "{1DD73A32-3E5E-42C4-B62B-5FE0AA1FA4D3}"
EndProject
Global
	GlobalSection(SolutionConfigurationPlatforms) = preSolution
		Debug|Any CPU = Debug|Any CPU
		Release|Any CPU = Release|Any CPU
	EndGlobalSection
	GlobalSection(ProjectConfigurationPlatforms) = postSolution
		{5B5F435E-78A4-44D1-BDEB-BD5651F2278D}.Debug|Any CPU.ActiveCfg = Debug|Any CPU
		{5B5F435E-78A4-44D1-BDEB-BD5651F2278D}.Debug|Any CPU.Build.0 = Debug|Any CPU
		{5B5F435E-78A4-44D1-BDEB-BD5651F2278D}.Release|Any CPU.ActiveCfg = Release|Any CPU
		{5B5F435E-78A4-44D1-BDEB-BD5651F2278D}.Release|Any CPU.Build.0 = Release|Any CPU
		{8D538D79-A637-41F3-B30A-D4A220294428}.Debug|Any CPU.ActiveCfg = Debug|Any CPU
		{8D538D79-A637-41F3-B30A-D4A220294428}.Debug|Any CPU.Build.0 = Debug|Any CPU
		{8D538D79-A637-41F3-B30A-D4A220294428}.Release|Any CPU.ActiveCfg = Release|Any CPU
		{8D538D79-A637-41F3-B30A-D4A220294428}.Release|Any CPU.Build.0 = Release|Any CPU
		{92C49A90-8CF8-4552-8F99-0305B5F610B6}.Debug|Any CPU.ActiveCfg = Debug|Any CPU
		{92C49A90-8CF8-4552-8F99-0305B5F610B6}.Debug|Any CPU.Build.0 = Debug|Any CPU
		{92C49A90-8CF8-4552-8F99-0305B5F610B6}.Release|Any CPU.ActiveCfg = Release|Any CPU
		{92C49A90-8CF8-4552-8F99-0305B5F610B6}.Release|Any CPU.Build.0 = Release|Any CPU
		{700D5651-DEF3-446C-B9EA-15C7BB97A75B}.Debug|Any CPU.ActiveCfg = Debug|Any CPU
		{700D5651-DEF3-446C-B9EA-15C7BB97A75B}.Debug|Any CPU.Build.0 = Debug|Any CPU
		{700D5651-DEF3-446C-B9EA-15C7BB97A75B}.Release|Any CPU.ActiveCfg = Release|Any CPU
		{700D5651-DEF3-446C-B9EA-15C7BB97A75B}.Release|Any CPU.Build.0 = Release|Any CPU
		{F126DBF3-A071-4DEB-A750-2E5FF947AF8D}.Debug|Any CPU.ActiveCfg = Debug|Any CPU
		{F126DBF3-A071-4DEB-A750-2E5FF947AF8D}.Debug|Any CPU.Build.0 = Debug|Any CPU
		{F126DBF3-A071-4DEB-A750-2E5FF947AF8D}.Release|Any CPU.ActiveCfg = Release|Any CPU
		{F126DBF3-A071-4DEB-A750-2E5FF947AF8D}.Release|Any CPU.Build.0 = Release|Any CPU
		{807229F7-1174-4052-98CF-4B4438F42A73}.Debug|Any CPU.ActiveCfg = Debug|Any CPU
		{807229F7-1174-4052-98CF-4B4438F42A73}.Debug|Any CPU.Build.0 = Debug|Any CPU
		{807229F7-1174-4052-98CF-4B4438F42A73}.Release|Any CPU.ActiveCfg = Release|Any CPU
		{807229F7-1174-4052-98CF-4B4438F42A73}.Release|Any CPU.Build.0 = Release|Any CPU
		{42EC8337-A2F4-414D-9B5D-640756400860}.Debug|Any CPU.ActiveCfg = Debug|Any CPU
		{42EC8337-A2F4-414D-9B5D-640756400860}.Debug|Any CPU.Build.0 = Debug|Any CPU
		{42EC8337-A2F4-414D-9B5D-640756400860}.Release|Any CPU.ActiveCfg = Release|Any CPU
		{42EC8337-A2F4-414D-9B5D-640756400860}.Release|Any CPU.Build.0 = Release|Any CPU
		{2DC78D78-BEC4-4A71-8685-C9318A17F288}.Debug|Any CPU.ActiveCfg = Debug|Any CPU
		{2DC78D78-BEC4-4A71-8685-C9318A17F288}.Debug|Any CPU.Build.0 = Debug|Any CPU
		{2DC78D78-BEC4-4A71-8685-C9318A17F288}.Release|Any CPU.ActiveCfg = Release|Any CPU
		{2DC78D78-BEC4-4A71-8685-C9318A17F288}.Release|Any CPU.Build.0 = Release|Any CPU
		{E070CF63-5A3B-4B61-AB49-46A45759E2D9}.Debug|Any CPU.ActiveCfg = Debug|Any CPU
		{E070CF63-5A3B-4B61-AB49-46A45759E2D9}.Debug|Any CPU.Build.0 = Debug|Any CPU
		{E070CF63-5A3B-4B61-AB49-46A45759E2D9}.Release|Any CPU.ActiveCfg = Release|Any CPU
		{E070CF63-5A3B-4B61-AB49-46A45759E2D9}.Release|Any CPU.Build.0 = Release|Any CPU
		{8572FA24-1341-410A-B26E-5DE351C8D8E0}.Debug|Any CPU.ActiveCfg = Debug|Any CPU
		{8572FA24-1341-410A-B26E-5DE351C8D8E0}.Debug|Any CPU.Build.0 = Debug|Any CPU
		{8572FA24-1341-410A-B26E-5DE351C8D8E0}.Release|Any CPU.ActiveCfg = Release|Any CPU
		{8572FA24-1341-410A-B26E-5DE351C8D8E0}.Release|Any CPU.Build.0 = Release|Any CPU
		{13D4AD86-18D7-442F-9E7F-5A0A96D886DC}.Debug|Any CPU.ActiveCfg = Debug|Any CPU
		{13D4AD86-18D7-442F-9E7F-5A0A96D886DC}.Debug|Any CPU.Build.0 = Debug|Any CPU
		{13D4AD86-18D7-442F-9E7F-5A0A96D886DC}.Release|Any CPU.ActiveCfg = Release|Any CPU
		{13D4AD86-18D7-442F-9E7F-5A0A96D886DC}.Release|Any CPU.Build.0 = Release|Any CPU
		{7F024EA3-7397-4D4E-84EC-4045D0D42646}.Debug|Any CPU.ActiveCfg = Debug|Any CPU
		{7F024EA3-7397-4D4E-84EC-4045D0D42646}.Debug|Any CPU.Build.0 = Debug|Any CPU
		{7F024EA3-7397-4D4E-84EC-4045D0D42646}.Release|Any CPU.ActiveCfg = Release|Any CPU
		{7F024EA3-7397-4D4E-84EC-4045D0D42646}.Release|Any CPU.Build.0 = Release|Any CPU
		{570A7C43-1333-4632-BDF8-025258405434}.Debug|Any CPU.ActiveCfg = Debug|Any CPU
		{570A7C43-1333-4632-BDF8-025258405434}.Debug|Any CPU.Build.0 = Debug|Any CPU
		{570A7C43-1333-4632-BDF8-025258405434}.Release|Any CPU.ActiveCfg = Release|Any CPU
		{570A7C43-1333-4632-BDF8-025258405434}.Release|Any CPU.Build.0 = Release|Any CPU
		{71F2F917-6F2A-4B16-8D9C-15C74380EEFD}.Debug|Any CPU.ActiveCfg = Debug|Any CPU
		{71F2F917-6F2A-4B16-8D9C-15C74380EEFD}.Debug|Any CPU.Build.0 = Debug|Any CPU
		{71F2F917-6F2A-4B16-8D9C-15C74380EEFD}.Release|Any CPU.ActiveCfg = Release|Any CPU
		{71F2F917-6F2A-4B16-8D9C-15C74380EEFD}.Release|Any CPU.Build.0 = Release|Any CPU
		{4ECCB814-58DA-4C89-ABDD-D54AF734E236}.Debug|Any CPU.ActiveCfg = Debug|Any CPU
		{4ECCB814-58DA-4C89-ABDD-D54AF734E236}.Debug|Any CPU.Build.0 = Debug|Any CPU
		{4ECCB814-58DA-4C89-ABDD-D54AF734E236}.Release|Any CPU.ActiveCfg = Release|Any CPU
		{4ECCB814-58DA-4C89-ABDD-D54AF734E236}.Release|Any CPU.Build.0 = Release|Any CPU
		{8B14D901-2F5A-4992-85FF-7816DED0BD8F}.Debug|Any CPU.ActiveCfg = Debug|Any CPU
		{8B14D901-2F5A-4992-85FF-7816DED0BD8F}.Debug|Any CPU.Build.0 = Debug|Any CPU
		{8B14D901-2F5A-4992-85FF-7816DED0BD8F}.Release|Any CPU.ActiveCfg = Release|Any CPU
		{8B14D901-2F5A-4992-85FF-7816DED0BD8F}.Release|Any CPU.Build.0 = Release|Any CPU
		{4BF34A75-8692-4A2D-BC32-E0A28A2605F3}.Debug|Any CPU.ActiveCfg = Debug|Any CPU
		{4BF34A75-8692-4A2D-BC32-E0A28A2605F3}.Debug|Any CPU.Build.0 = Debug|Any CPU
		{4BF34A75-8692-4A2D-BC32-E0A28A2605F3}.Release|Any CPU.ActiveCfg = Release|Any CPU
		{4BF34A75-8692-4A2D-BC32-E0A28A2605F3}.Release|Any CPU.Build.0 = Release|Any CPU
		{C82CFE88-1E9D-495C-AE44-FEE60EA503E2}.Debug|Any CPU.ActiveCfg = Debug|Any CPU
		{C82CFE88-1E9D-495C-AE44-FEE60EA503E2}.Debug|Any CPU.Build.0 = Debug|Any CPU
		{C82CFE88-1E9D-495C-AE44-FEE60EA503E2}.Release|Any CPU.ActiveCfg = Release|Any CPU
		{C82CFE88-1E9D-495C-AE44-FEE60EA503E2}.Release|Any CPU.Build.0 = Release|Any CPU
		{CE44DD48-0BD1-4800-81E2-764F64475541}.Debug|Any CPU.ActiveCfg = Debug|Any CPU
		{CE44DD48-0BD1-4800-81E2-764F64475541}.Debug|Any CPU.Build.0 = Debug|Any CPU
		{CE44DD48-0BD1-4800-81E2-764F64475541}.Release|Any CPU.ActiveCfg = Release|Any CPU
		{CE44DD48-0BD1-4800-81E2-764F64475541}.Release|Any CPU.Build.0 = Release|Any CPU
		{FFC82987-D0F8-44C8-A5FB-C165E0965F03}.Debug|Any CPU.ActiveCfg = Debug|Any CPU
		{FFC82987-D0F8-44C8-A5FB-C165E0965F03}.Debug|Any CPU.Build.0 = Debug|Any CPU
		{FFC82987-D0F8-44C8-A5FB-C165E0965F03}.Release|Any CPU.ActiveCfg = Release|Any CPU
		{FFC82987-D0F8-44C8-A5FB-C165E0965F03}.Release|Any CPU.Build.0 = Release|Any CPU
		{1DD73A32-3E5E-42C4-B62B-5FE0AA1FA4D3}.Debug|Any CPU.ActiveCfg = Debug|Any CPU
		{1DD73A32-3E5E-42C4-B62B-5FE0AA1FA4D3}.Debug|Any CPU.Build.0 = Debug|Any CPU
		{1DD73A32-3E5E-42C4-B62B-5FE0AA1FA4D3}.Release|Any CPU.ActiveCfg = Release|Any CPU
		{1DD73A32-3E5E-42C4-B62B-5FE0AA1FA4D3}.Release|Any CPU.Build.0 = Release|Any CPU
	EndGlobalSection
	GlobalSection(SolutionProperties) = preSolution
		HideSolutionNode = FALSE
	EndGlobalSection
	GlobalSection(ExtensibilityGlobals) = postSolution
		SolutionGuid = {4F44823B-ABD6-43BC-8FFF-B698ADCA2DFA}
	EndGlobalSection
EndGlobal
